
Microsoft Visual Studio Solution File, Format Version 11.00
# Visual Studio 2010
Project("{FAE04EC0-301F-11D3-BF4B-00C04F79EFBC}") = "New-MSS", "New-MSS\New-MSS.csproj", "{5467F28A-452A-407E-A918-A6AA5153D950}"
EndProject
Global
	GlobalSection(SolutionConfigurationPlatforms) = preSolution
		Debug|Any CPU = Debug|Any CPU
		Release|Any CPU = Release|Any CPU
	EndGlobalSection
	GlobalSection(ProjectConfigurationPlatforms) = postSolution
		{5467F28A-452A-407E-A918-A6AA5153D950}.Debug|Any CPU.ActiveCfg = Release|Any CPU
		{5467F28A-452A-407E-A918-A6AA5153D950}.Debug|Any CPU.Build.0 = Release|Any CPU
		{5467F28A-452A-407E-A918-A6AA5153D950}.Release|Any CPU.ActiveCfg = Release|Any CPU
		{5467F28A-452A-407E-A918-A6AA5153D950}.Release|Any CPU.Build.0 = Release|Any CPU
	EndGlobalSection
	GlobalSection(SolutionProperties) = preSolution
		HideSolutionNode = FALSE
	EndGlobalSection
EndGlobal
